<Solution>
  <Folder Name="/src/">
    <Project Path="src/Twm.Adapters.Config/Twm.Adapters.Config.csproj" />
    <Project Path="src/Twm.Application/Twm.Application.csproj" />
    <Project Path="src/Twm.Domain/Twm.Domain.csproj" />
  </Folder>
  <Folder Name="/tests/">
    <Project Path="tests/Twm.Application.Tests/Twm.Application.Tests.csproj" />
    <Project Path="tests/Twm.Domain.Tests/Twm.Domain.Tests.csproj" />
    <Project Path="tests/Twm.TestSupport/Twm.TestSupport.csproj" />
  </Folder>
</Solution>
