<Solution>
  <Folder Name="/src/">
    <Project Path="src/Twm.Adapters.Config/Twm.Adapters.Config.csproj" />
    <Project Path="src/Twm.Adapters.Ipc/Twm.Adapters.Ipc.csproj" />
    <Project Path="src/Twm.Application/Twm.Application.csproj" />
    <Project Path="src/Twm.Domain/Twm.Domain.csproj" />
    <Project Path="src/Twm.Msg/Twm.Msg.csproj" />
    <Project Path="src/Twm.Shared.Ipc/Twm.Shared.Ipc.csproj" />
  </Folder>
  <Folder Name="/tests/">
    <Project Path="tests/Twm.Adapters.Config.Tests/Twm.Adapters.Config.Tests.csproj" />
    <Project Path="tests/Twm.Adapters.Ipc.Tests/Twm.Adapters.Ipc.Tests.csproj" />
    <Project Path="tests/Twm.Application.Tests/Twm.Application.Tests.csproj" />
    <Project Path="tests/Twm.Domain.Tests/Twm.Domain.Tests.csproj" />
    <Project Path="tests/Twm.TestSupport/Twm.TestSupport.csproj" />
  </Folder>
</Solution>
