<Solution>
  <Folder Name="/src/">
    <Project Path="src/Twm.App/Twm.App.csproj" />
    <Project Path="src/Twm.Core/Twm.Core.csproj" />
    <Project Path="src/Twm.Platform.Windows/Twm.Platform.Windows.csproj" />
    <Project Path="src/Twm.Platform/Twm.Platform.csproj" />
  </Folder>
  <Folder Name="/tests/">
    <Project Path="tests/Twm.Core.Tests/Twm.Core.Tests.csproj" />
    <Project Path="tests/Twm.Platform.Tests/Twm.Platform.Tests.csproj" />
  </Folder>
</Solution>
